
Microsoft Visual Studio Solution File, Format Version 12.00
# Visual Studio Version 17
VisualStudioVersion = 17.14.36518.9 d17.14
MinimumVisualStudioVersion = 10.0.40219.1
Project("{FAE04EC0-301F-11D3-BF4B-00C04F79EFBC}") = "MinecraftResourceExtractor", "MinecraftResourceExtractor\MinecraftResourceExtractor.csproj", "{FCD6C7C1-4821-4F29-871E-D5560DDD8AC3}"
EndProject
Global
	GlobalSection(SolutionConfigurationPlatforms) = preSolution
		Release|Any CPU = Release|Any CPU
	EndGlobalSection
	GlobalSection(ProjectConfigurationPlatforms) = postSolution
		{FCD6C7C1-4821-4F29-871E-D5560DDD8AC3}.Release|Any CPU.ActiveCfg = Release|Any CPU
		{FCD6C7C1-4821-4F29-871E-D5560DDD8AC3}.Release|Any CPU.Build.0 = Release|Any CPU
	EndGlobalSection
	GlobalSection(SolutionProperties) = preSolution
		HideSolutionNode = FALSE
	EndGlobalSection
	GlobalSection(ExtensibilityGlobals) = postSolution
		SolutionGuid = {F585DBA2-08C5-4A65-82DE-5B2861D3420E}
	EndGlobalSection
EndGlobal
